
Microsoft Visual Studio Solution File, Format Version 12.00
# Visual Studio Version 16
VisualStudioVersion = 16.0.30204.135
MinimumVisualStudioVersion = 10.0.40219.1
Project("{9A19103F-16F7-4668-BE54-9A1E7A4F7556}") = "TimeNotas.App", "..\src\TimeNotas.App\TimeNotas.App.csproj", "{B79A0148-94FF-429A-9824-44ED70B3A3E6}"
EndProject
Project("{2150E333-8FDC-42A3-9474-1A3956D46DE8}") = "Data", "Data", "{2B7C907B-DE23-4AD9-9BB5-5CDC9FAD7907}"
EndProject
Project("{2150E333-8FDC-42A3-9474-1A3956D46DE8}") = "Domain", "Domain", "{F971B3FA-E201-419E-A1A6-5414B8BD8F1E}"
EndProject
Project("{FAE04EC0-301F-11D3-BF4B-00C04F79EFBC}") = "TimeNotes.Domain", "..\src\TimeNotes.Domain\TimeNotes.Domain.csproj", "{14F7F392-1CCE-4A6D-83A3-4C73D182D06E}"
EndProject
Project("{2150E333-8FDC-42A3-9474-1A3956D46DE8}") = "Core", "Core", "{095699B0-4EC4-43C6-961B-238A00830EF7}"
EndProject
Project("{FAE04EC0-301F-11D3-BF4B-00C04F79EFBC}") = "TimeNotes.Core", "..\src\TimeNotes.Core\TimeNotes.Core.csproj", "{8703C458-5CEB-4E1C-88B4-2752373A6913}"
EndProject
Project("{FAE04EC0-301F-11D3-BF4B-00C04F79EFBC}") = "TimeNotes.Data", "..\src\TimeNotes.Data\TimeNotes.Data.csproj", "{6AF6F7BD-C5FD-48D2-8BC5-7A116E2AF443}"
EndProject
Global
	GlobalSection(SolutionConfigurationPlatforms) = preSolution
		Debug|Any CPU = Debug|Any CPU
		Release|Any CPU = Release|Any CPU
	EndGlobalSection
	GlobalSection(ProjectConfigurationPlatforms) = postSolution
		{B79A0148-94FF-429A-9824-44ED70B3A3E6}.Debug|Any CPU.ActiveCfg = Debug|Any CPU
		{B79A0148-94FF-429A-9824-44ED70B3A3E6}.Debug|Any CPU.Build.0 = Debug|Any CPU
		{B79A0148-94FF-429A-9824-44ED70B3A3E6}.Release|Any CPU.ActiveCfg = Release|Any CPU
		{B79A0148-94FF-429A-9824-44ED70B3A3E6}.Release|Any CPU.Build.0 = Release|Any CPU
		{14F7F392-1CCE-4A6D-83A3-4C73D182D06E}.Debug|Any CPU.ActiveCfg = Debug|Any CPU
		{14F7F392-1CCE-4A6D-83A3-4C73D182D06E}.Debug|Any CPU.Build.0 = Debug|Any CPU
		{14F7F392-1CCE-4A6D-83A3-4C73D182D06E}.Release|Any CPU.ActiveCfg = Release|Any CPU
		{14F7F392-1CCE-4A6D-83A3-4C73D182D06E}.Release|Any CPU.Build.0 = Release|Any CPU
		{8703C458-5CEB-4E1C-88B4-2752373A6913}.Debug|Any CPU.ActiveCfg = Debug|Any CPU
		{8703C458-5CEB-4E1C-88B4-2752373A6913}.Debug|Any CPU.Build.0 = Debug|Any CPU
		{8703C458-5CEB-4E1C-88B4-2752373A6913}.Release|Any CPU.ActiveCfg = Release|Any CPU
		{8703C458-5CEB-4E1C-88B4-2752373A6913}.Release|Any CPU.Build.0 = Release|Any CPU
		{6AF6F7BD-C5FD-48D2-8BC5-7A116E2AF443}.Debug|Any CPU.ActiveCfg = Debug|Any CPU
		{6AF6F7BD-C5FD-48D2-8BC5-7A116E2AF443}.Debug|Any CPU.Build.0 = Debug|Any CPU
		{6AF6F7BD-C5FD-48D2-8BC5-7A116E2AF443}.Release|Any CPU.ActiveCfg = Release|Any CPU
		{6AF6F7BD-C5FD-48D2-8BC5-7A116E2AF443}.Release|Any CPU.Build.0 = Release|Any CPU
	EndGlobalSection
	GlobalSection(SolutionProperties) = preSolution
		HideSolutionNode = FALSE
	EndGlobalSection
	GlobalSection(NestedProjects) = preSolution
		{14F7F392-1CCE-4A6D-83A3-4C73D182D06E} = {F971B3FA-E201-419E-A1A6-5414B8BD8F1E}
		{8703C458-5CEB-4E1C-88B4-2752373A6913} = {095699B0-4EC4-43C6-961B-238A00830EF7}
		{6AF6F7BD-C5FD-48D2-8BC5-7A116E2AF443} = {2B7C907B-DE23-4AD9-9BB5-5CDC9FAD7907}
	EndGlobalSection
	GlobalSection(ExtensibilityGlobals) = postSolution
		SolutionGuid = {1EC89AB3-BC4F-460A-89AB-E1D2790759A8}
	EndGlobalSection
EndGlobal
